
Microsoft Visual Studio Solution File, Format Version 12.00
# Visual Studio Version 17
VisualStudioVersion = 17.6.33829.357
MinimumVisualStudioVersion = 10.0.40219.1
Project("{FAE04EC0-301F-11D3-BF4B-00C04F79EFBC}") = "SearchName", "SearchName.csproj", "{61B47B31-FDA0-4643-98D7-DB434F16D90E}"
EndProject
Global
	GlobalSection(SolutionConfigurationPlatforms) = preSolution
		Debug|Any CPU = Debug|Any CPU
		Release|Any CPU = Release|Any CPU
	EndGlobalSection
	GlobalSection(ProjectConfigurationPlatforms) = postSolution
		{61B47B31-FDA0-4643-98D7-DB434F16D90E}.Debug|Any CPU.ActiveCfg = Debug|Any CPU
		{61B47B31-FDA0-4643-98D7-DB434F16D90E}.Debug|Any CPU.Build.0 = Debug|Any CPU
		{61B47B31-FDA0-4643-98D7-DB434F16D90E}.Release|Any CPU.ActiveCfg = Release|Any CPU
		{61B47B31-FDA0-4643-98D7-DB434F16D90E}.Release|Any CPU.Build.0 = Release|Any CPU
	EndGlobalSection
	GlobalSection(SolutionProperties) = preSolution
		HideSolutionNode = FALSE
	EndGlobalSection
	GlobalSection(ExtensibilityGlobals) = postSolution
		SolutionGuid = {08931AEF-A1E1-404E-BE2B-3F3B133659EF}
	EndGlobalSection
EndGlobal
